
Microsoft Visual Studio Solution File, Format Version 12.00
# Visual Studio 2013
VisualStudioVersion = 12.0.31101.0
MinimumVisualStudioVersion = 10.0.40219.1
Project("{FAE04EC0-301F-11D3-BF4B-00C04F79EFBC}") = "WinFormPager", "WinFormPager\WinFormPager.csproj", "{FBC03BAC-5B72-42F6-9565-A56CC5EE453F}"
EndProject
Project("{FAE04EC0-301F-11D3-BF4B-00C04F79EFBC}") = "SoftCommon", "SoftCommon\SoftCommon.csproj", "{ADF221D0-DADC-4BAF-A208-F24AC0D41D23}"
EndProject
Project("{FAE04EC0-301F-11D3-BF4B-00C04F79EFBC}") = "Common", "Common\Common.csproj", "{5CC16B63-8D04-48EF-933E-38A5DC5C3B03}"
EndProject
Project("{FAE04EC0-301F-11D3-BF4B-00C04F79EFBC}") = "销售管理", "销售管理\销售管理.csproj", "{CEAC7499-5219-4264-A0CC-44F4F941B4C9}"
EndProject
Project("{FAE04EC0-301F-11D3-BF4B-00C04F79EFBC}") = "升级", "升级\升级.csproj", "{C5ADB3F3-6D8F-4663-A46A-A536A41F5D3A}"
EndProject
Project("{FAE04EC0-301F-11D3-BF4B-00C04F79EFBC}") = "配置连接字符串", "连接字符串加密\配置连接字符串.csproj", "{E2532839-85B0-4697-AC6F-B538EFB41D66}"
EndProject
Global
	GlobalSection(SolutionConfigurationPlatforms) = preSolution
		Debug|Any CPU = Debug|Any CPU
		Debug|Mixed Platforms = Debug|Mixed Platforms
		Debug|x64 = Debug|x64
		Debug|x86 = Debug|x86
		Release|Any CPU = Release|Any CPU
		Release|Mixed Platforms = Release|Mixed Platforms
		Release|x64 = Release|x64
		Release|x86 = Release|x86
	EndGlobalSection
	GlobalSection(ProjectConfigurationPlatforms) = postSolution
		{FBC03BAC-5B72-42F6-9565-A56CC5EE453F}.Debug|Any CPU.ActiveCfg = Debug|Any CPU
		{FBC03BAC-5B72-42F6-9565-A56CC5EE453F}.Debug|Any CPU.Build.0 = Debug|Any CPU
		{FBC03BAC-5B72-42F6-9565-A56CC5EE453F}.Debug|Mixed Platforms.ActiveCfg = Debug|Any CPU
		{FBC03BAC-5B72-42F6-9565-A56CC5EE453F}.Debug|Mixed Platforms.Build.0 = Debug|Any CPU
		{FBC03BAC-5B72-42F6-9565-A56CC5EE453F}.Debug|x64.ActiveCfg = Debug|Any CPU
		{FBC03BAC-5B72-42F6-9565-A56CC5EE453F}.Debug|x86.ActiveCfg = Debug|Any CPU
		{FBC03BAC-5B72-42F6-9565-A56CC5EE453F}.Release|Any CPU.ActiveCfg = Release|Any CPU
		{FBC03BAC-5B72-42F6-9565-A56CC5EE453F}.Release|Any CPU.Build.0 = Release|Any CPU
		{FBC03BAC-5B72-42F6-9565-A56CC5EE453F}.Release|Mixed Platforms.ActiveCfg = Release|Any CPU
		{FBC03BAC-5B72-42F6-9565-A56CC5EE453F}.Release|Mixed Platforms.Build.0 = Release|Any CPU
		{FBC03BAC-5B72-42F6-9565-A56CC5EE453F}.Release|x64.ActiveCfg = Release|Any CPU
		{FBC03BAC-5B72-42F6-9565-A56CC5EE453F}.Release|x86.ActiveCfg = Release|Any CPU
		{ADF221D0-DADC-4BAF-A208-F24AC0D41D23}.Debug|Any CPU.ActiveCfg = Debug|Any CPU
		{ADF221D0-DADC-4BAF-A208-F24AC0D41D23}.Debug|Any CPU.Build.0 = Debug|Any CPU
		{ADF221D0-DADC-4BAF-A208-F24AC0D41D23}.Debug|Mixed Platforms.ActiveCfg = Debug|x86
		{ADF221D0-DADC-4BAF-A208-F24AC0D41D23}.Debug|Mixed Platforms.Build.0 = Debug|x86
		{ADF221D0-DADC-4BAF-A208-F24AC0D41D23}.Debug|x64.ActiveCfg = Debug|Any CPU
		{ADF221D0-DADC-4BAF-A208-F24AC0D41D23}.Debug|x86.ActiveCfg = Debug|x86
		{ADF221D0-DADC-4BAF-A208-F24AC0D41D23}.Debug|x86.Build.0 = Debug|x86
		{ADF221D0-DADC-4BAF-A208-F24AC0D41D23}.Release|Any CPU.ActiveCfg = Release|Any CPU
		{ADF221D0-DADC-4BAF-A208-F24AC0D41D23}.Release|Any CPU.Build.0 = Release|Any CPU
		{ADF221D0-DADC-4BAF-A208-F24AC0D41D23}.Release|Mixed Platforms.ActiveCfg = Release|x86
		{ADF221D0-DADC-4BAF-A208-F24AC0D41D23}.Release|Mixed Platforms.Build.0 = Release|x86
		{ADF221D0-DADC-4BAF-A208-F24AC0D41D23}.Release|x64.ActiveCfg = Release|Any CPU
		{ADF221D0-DADC-4BAF-A208-F24AC0D41D23}.Release|x86.ActiveCfg = Release|x86
		{ADF221D0-DADC-4BAF-A208-F24AC0D41D23}.Release|x86.Build.0 = Release|x86
		{5CC16B63-8D04-48EF-933E-38A5DC5C3B03}.Debug|Any CPU.ActiveCfg = Debug|Any CPU
		{5CC16B63-8D04-48EF-933E-38A5DC5C3B03}.Debug|Any CPU.Build.0 = Debug|Any CPU
		{5CC16B63-8D04-48EF-933E-38A5DC5C3B03}.Debug|Mixed Platforms.ActiveCfg = Debug|x86
		{5CC16B63-8D04-48EF-933E-38A5DC5C3B03}.Debug|Mixed Platforms.Build.0 = Debug|x86
		{5CC16B63-8D04-48EF-933E-38A5DC5C3B03}.Debug|x64.ActiveCfg = Debug|x64
		{5CC16B63-8D04-48EF-933E-38A5DC5C3B03}.Debug|x64.Build.0 = Debug|x64
		{5CC16B63-8D04-48EF-933E-38A5DC5C3B03}.Debug|x86.ActiveCfg = Debug|x86
		{5CC16B63-8D04-48EF-933E-38A5DC5C3B03}.Debug|x86.Build.0 = Debug|x86
		{5CC16B63-8D04-48EF-933E-38A5DC5C3B03}.Release|Any CPU.ActiveCfg = Release|Any CPU
		{5CC16B63-8D04-48EF-933E-38A5DC5C3B03}.Release|Any CPU.Build.0 = Release|Any CPU
		{5CC16B63-8D04-48EF-933E-38A5DC5C3B03}.Release|Mixed Platforms.ActiveCfg = Release|x86
		{5CC16B63-8D04-48EF-933E-38A5DC5C3B03}.Release|Mixed Platforms.Build.0 = Release|x86
		{5CC16B63-8D04-48EF-933E-38A5DC5C3B03}.Release|x64.ActiveCfg = Release|x64
		{5CC16B63-8D04-48EF-933E-38A5DC5C3B03}.Release|x64.Build.0 = Release|x64
		{5CC16B63-8D04-48EF-933E-38A5DC5C3B03}.Release|x86.ActiveCfg = Release|x86
		{5CC16B63-8D04-48EF-933E-38A5DC5C3B03}.Release|x86.Build.0 = Release|x86
		{CEAC7499-5219-4264-A0CC-44F4F941B4C9}.Debug|Any CPU.ActiveCfg = Debug|x86
		{CEAC7499-5219-4264-A0CC-44F4F941B4C9}.Debug|Mixed Platforms.ActiveCfg = Debug|x86
		{CEAC7499-5219-4264-A0CC-44F4F941B4C9}.Debug|Mixed Platforms.Build.0 = Debug|x86
		{CEAC7499-5219-4264-A0CC-44F4F941B4C9}.Debug|x64.ActiveCfg = Debug|x86
		{CEAC7499-5219-4264-A0CC-44F4F941B4C9}.Debug|x86.ActiveCfg = Debug|x86
		{CEAC7499-5219-4264-A0CC-44F4F941B4C9}.Debug|x86.Build.0 = Debug|x86
		{CEAC7499-5219-4264-A0CC-44F4F941B4C9}.Release|Any CPU.ActiveCfg = Release|x86
		{CEAC7499-5219-4264-A0CC-44F4F941B4C9}.Release|Mixed Platforms.ActiveCfg = Release|x86
		{CEAC7499-5219-4264-A0CC-44F4F941B4C9}.Release|Mixed Platforms.Build.0 = Release|x86
		{CEAC7499-5219-4264-A0CC-44F4F941B4C9}.Release|x64.ActiveCfg = Release|x86
		{CEAC7499-5219-4264-A0CC-44F4F941B4C9}.Release|x86.ActiveCfg = Release|x86
		{CEAC7499-5219-4264-A0CC-44F4F941B4C9}.Release|x86.Build.0 = Release|x86
		{C5ADB3F3-6D8F-4663-A46A-A536A41F5D3A}.Debug|Any CPU.ActiveCfg = Debug|x86
		{C5ADB3F3-6D8F-4663-A46A-A536A41F5D3A}.Debug|Mixed Platforms.ActiveCfg = Debug|x86
		{C5ADB3F3-6D8F-4663-A46A-A536A41F5D3A}.Debug|Mixed Platforms.Build.0 = Debug|x86
		{C5ADB3F3-6D8F-4663-A46A-A536A41F5D3A}.Debug|x64.ActiveCfg = Debug|x86
		{C5ADB3F3-6D8F-4663-A46A-A536A41F5D3A}.Debug|x86.ActiveCfg = Debug|x86
		{C5ADB3F3-6D8F-4663-A46A-A536A41F5D3A}.Debug|x86.Build.0 = Debug|x86
		{C5ADB3F3-6D8F-4663-A46A-A536A41F5D3A}.Release|Any CPU.ActiveCfg = Release|x86
		{C5ADB3F3-6D8F-4663-A46A-A536A41F5D3A}.Release|Mixed Platforms.ActiveCfg = Release|x86
		{C5ADB3F3-6D8F-4663-A46A-A536A41F5D3A}.Release|Mixed Platforms.Build.0 = Release|x86
		{C5ADB3F3-6D8F-4663-A46A-A536A41F5D3A}.Release|x64.ActiveCfg = Release|x86
		{C5ADB3F3-6D8F-4663-A46A-A536A41F5D3A}.Release|x86.ActiveCfg = Release|x86
		{C5ADB3F3-6D8F-4663-A46A-A536A41F5D3A}.Release|x86.Build.0 = Release|x86
		{E2532839-85B0-4697-AC6F-B538EFB41D66}.Debug|Any CPU.ActiveCfg = Debug|Any CPU
		{E2532839-85B0-4697-AC6F-B538EFB41D66}.Debug|Any CPU.Build.0 = Debug|Any CPU
		{E2532839-85B0-4697-AC6F-B538EFB41D66}.Debug|Mixed Platforms.ActiveCfg = Debug|Any CPU
		{E2532839-85B0-4697-AC6F-B538EFB41D66}.Debug|Mixed Platforms.Build.0 = Debug|Any CPU
		{E2532839-85B0-4697-AC6F-B538EFB41D66}.Debug|x64.ActiveCfg = Debug|Any CPU
		{E2532839-85B0-4697-AC6F-B538EFB41D66}.Debug|x86.ActiveCfg = Debug|Any CPU
		{E2532839-85B0-4697-AC6F-B538EFB41D66}.Release|Any CPU.ActiveCfg = Release|Any CPU
		{E2532839-85B0-4697-AC6F-B538EFB41D66}.Release|Any CPU.Build.0 = Release|Any CPU
		{E2532839-85B0-4697-AC6F-B538EFB41D66}.Release|Mixed Platforms.ActiveCfg = Release|Any CPU
		{E2532839-85B0-4697-AC6F-B538EFB41D66}.Release|Mixed Platforms.Build.0 = Release|Any CPU
		{E2532839-85B0-4697-AC6F-B538EFB41D66}.Release|x64.ActiveCfg = Release|Any CPU
		{E2532839-85B0-4697-AC6F-B538EFB41D66}.Release|x86.ActiveCfg = Release|Any CPU
	EndGlobalSection
	GlobalSection(SolutionProperties) = preSolution
		HideSolutionNode = FALSE
	EndGlobalSection
EndGlobal
